{
  "nodes": {
    "home-manager": {
      "inputs": {
        "nixpkgs": [
          "nixpkgs"
        ],
        "utils": "utils"
      },
      "locked": {
        "lastModified": 1668900402,
        "narHash": "sha256-IhVlueHoQNoN0SOHZIceKU3LyEL00g2ei0aUlaNypbQ=",
        "owner": "nix-community",
        "repo": "home-manager",
        "rev": "c0f9cbcf93ca22e4f0ca66843be61a4bdf6f0a44",
        "type": "github"
      },
      "original": {
        "owner": "nix-community",
        "ref": "master",
        "repo": "home-manager",
        "type": "github"
      }
    },
    "idrac-6": {
      "inputs": {
        "nixpkgs": [
          "nixpkgs"
        ],
        "sops-nix": [
          "sops-nix"
        ]
      },
      "locked": {
        "lastModified": 1668792969,
        "narHash": "sha256-PbL5g+zMUOelsRSnERTAvviMxCES1nvmAf2y6tf25tQ=",
        "owner": "SeineEloquenz",
        "repo": "idrac-6-nix",
        "rev": "08eaada8541cecded90aa53b49bdd01b44fbf525",
        "type": "github"
      },
      "original": {
        "owner": "SeineEloquenz",
        "repo": "idrac-6-nix",
        "type": "github"
      }
    },
    "juso-motion-template": {
      "inputs": {
        "nixpkgs": [
          "nixpkgs"
        ]
      },
      "locked": {
        "lastModified": 1668710571,
        "narHash": "sha256-PeSrGKTEEcKPjMNs++XSRbmTEWgO0PwyRlo+RdB9HDI=",
        "owner": "SeineEloquenz",
        "repo": "juso-motion-template",
        "rev": "3ef327b950e290a00f69c9a533353130de36b8cd",
        "type": "github"
      },
      "original": {
        "owner": "SeineEloquenz",
        "repo": "juso-motion-template",
        "type": "github"
      }
    },
    "nixpkgs": {
      "locked": {
        "lastModified": 1668765800,
        "narHash": "sha256-rC40+/W6Hio7b/RsY8SvQPKNx4WqNcTgfYv8cUMAvJk=",
        "owner": "NixOS",
        "repo": "nixpkgs",
        "rev": "52b2ac8ae18bbad4374ff0dd5aeee0fdf1aea739",
        "type": "github"
      },
      "original": {
        "owner": "NixOS",
        "ref": "nixos-unstable",
        "repo": "nixpkgs",
        "type": "github"
      }
    },
    "nixpkgs-22_05": {
      "locked": {
        "lastModified": 1668307144,
        "narHash": "sha256-uY2StvGJvTfgtLaiz3uvX+EQeWZDkiLFiz2vekgJ9ZE=",
        "owner": "NixOS",
        "repo": "nixpkgs",
        "rev": "eac99848dfd869e486573d8272b0c10729675ca2",
        "type": "github"
      },
      "original": {
        "owner": "NixOS",
        "ref": "release-22.05",
        "repo": "nixpkgs",
        "type": "github"
      }
    },
    "root": {
      "inputs": {
        "home-manager": "home-manager",
        "idrac-6": "idrac-6",
        "juso-motion-template": "juso-motion-template",
        "nixpkgs": "nixpkgs",
        "sops-nix": "sops-nix"
      }
    },
    "sops-nix": {
      "inputs": {
        "nixpkgs": [
          "nixpkgs"
        ],
        "nixpkgs-22_05": "nixpkgs-22_05"
      },
      "locked": {
        "lastModified": 1668311578,
        "narHash": "sha256-nF6mwSbVyvnlIICWFZlADegWdTsgrk1pZnA/0VqByNw=",
        "owner": "Mic92",
        "repo": "sops-nix",
        "rev": "39f0fe57f1ef78764c1abc1de145f091fee1bbbb",
        "type": "github"
      },
      "original": {
        "owner": "Mic92",
        "repo": "sops-nix",
        "type": "github"
      }
    },
    "utils": {
      "locked": {
        "lastModified": 1667395993,
        "narHash": "sha256-nuEHfE/LcWyuSWnS8t12N1wc105Qtau+/OdUAjtQ0rA=",
        "owner": "numtide",
        "repo": "flake-utils",
        "rev": "5aed5285a952e0b949eb3ba02c12fa4fcfef535f",
        "type": "github"
      },
      "original": {
        "owner": "numtide",
        "repo": "flake-utils",
        "type": "github"
      }
    }
  },
  "root": "root",
  "version": 7
}
