{
  "nodes": {
    "home-manager": {
      "inputs": {
        "nixpkgs": [
          "nixpkgs"
        ],
        "utils": "utils"
      },
      "locked": {
        "lastModified": 1673211936,
        "narHash": "sha256-ba7jhl5BhLtpSooDHllgC0Y29vc0AiYWWsxQVtjlc7o=",
        "owner": "nix-community",
        "repo": "home-manager",
        "rev": "684bdb386cec7d4f16e0da9f694c8ab50ad2cf2a",
        "type": "github"
      },
      "original": {
        "owner": "nix-community",
        "ref": "master",
        "repo": "home-manager",
        "type": "github"
      }
    },
    "idrac-6": {
      "inputs": {
        "nixpkgs": [
          "nixpkgs"
        ],
        "sops-nix": [
          "sops-nix"
        ]
      },
      "locked": {
        "lastModified": 1668792969,
        "narHash": "sha256-PbL5g+zMUOelsRSnERTAvviMxCES1nvmAf2y6tf25tQ=",
        "owner": "SeineEloquenz",
        "repo": "idrac-6-nix",
        "rev": "08eaada8541cecded90aa53b49bdd01b44fbf525",
        "type": "github"
      },
      "original": {
        "owner": "SeineEloquenz",
        "repo": "idrac-6-nix",
        "type": "github"
      }
    },
    "juso-motion-template": {
      "inputs": {
        "nixpkgs": [
          "nixpkgs"
        ]
      },
      "locked": {
        "lastModified": 1668710571,
        "narHash": "sha256-PeSrGKTEEcKPjMNs++XSRbmTEWgO0PwyRlo+RdB9HDI=",
        "owner": "SeineEloquenz",
        "repo": "juso-motion-template",
        "rev": "3ef327b950e290a00f69c9a533353130de36b8cd",
        "type": "github"
      },
      "original": {
        "owner": "SeineEloquenz",
        "repo": "juso-motion-template",
        "type": "github"
      }
    },
    "nixpkgs": {
      "locked": {
        "lastModified": 1672953546,
        "narHash": "sha256-oz757DnJ1ITvwyTovuwG3l9cX6j9j6/DH9eH+cXFJmc=",
        "owner": "NixOS",
        "repo": "nixpkgs",
        "rev": "a518c77148585023ff56022f09c4b2c418a51ef5",
        "type": "github"
      },
      "original": {
        "owner": "NixOS",
        "ref": "nixos-unstable",
        "repo": "nixpkgs",
        "type": "github"
      }
    },
    "nixpkgs-stable": {
      "locked": {
        "lastModified": 1673100377,
        "narHash": "sha256-mT76pTd0YFxT6CwtPhDgHJhuIgLY+ZLSMiQpBufwMG4=",
        "owner": "NixOS",
        "repo": "nixpkgs",
        "rev": "9f11a2df77cb945c115ae2a65f53f38121597d73",
        "type": "github"
      },
      "original": {
        "owner": "NixOS",
        "ref": "release-22.11",
        "repo": "nixpkgs",
        "type": "github"
      }
    },
    "root": {
      "inputs": {
        "home-manager": "home-manager",
        "idrac-6": "idrac-6",
        "juso-motion-template": "juso-motion-template",
        "nixpkgs": "nixpkgs",
        "sops-nix": "sops-nix"
      }
    },
    "sops-nix": {
      "inputs": {
        "nixpkgs": [
          "nixpkgs"
        ],
        "nixpkgs-stable": "nixpkgs-stable"
      },
      "locked": {
        "lastModified": 1673147300,
        "narHash": "sha256-gR9OEfTzWfL6vG0qkbn1TlBAOlg4LuW8xK/u0V41Ihc=",
        "owner": "Mic92",
        "repo": "sops-nix",
        "rev": "2253120d2a6147e57bafb5c689e086221df8032f",
        "type": "github"
      },
      "original": {
        "owner": "Mic92",
        "repo": "sops-nix",
        "type": "github"
      }
    },
    "utils": {
      "locked": {
        "lastModified": 1667395993,
        "narHash": "sha256-nuEHfE/LcWyuSWnS8t12N1wc105Qtau+/OdUAjtQ0rA=",
        "owner": "numtide",
        "repo": "flake-utils",
        "rev": "5aed5285a952e0b949eb3ba02c12fa4fcfef535f",
        "type": "github"
      },
      "original": {
        "owner": "numtide",
        "repo": "flake-utils",
        "type": "github"
      }
    }
  },
  "root": "root",
  "version": 7
}
