{
  "nodes": {
    "home-manager": {
      "inputs": {
        "nixpkgs": [
          "nixpkgs"
        ],
        "utils": "utils"
      },
      "locked": {
        "lastModified": 1669740584,
        "narHash": "sha256-rHxz/olYeCx9GHjJTZElkVCVo4aXaP9FNaQ8oyCLz9A=",
        "owner": "nix-community",
        "repo": "home-manager",
        "rev": "3b0a446bbf29cfeb78e0d1a8210bdf6fae8efccd",
        "type": "github"
      },
      "original": {
        "owner": "nix-community",
        "ref": "master",
        "repo": "home-manager",
        "type": "github"
      }
    },
    "idrac-6": {
      "inputs": {
        "nixpkgs": [
          "nixpkgs"
        ],
        "sops-nix": [
          "sops-nix"
        ]
      },
      "locked": {
        "lastModified": 1668792969,
        "narHash": "sha256-PbL5g+zMUOelsRSnERTAvviMxCES1nvmAf2y6tf25tQ=",
        "owner": "SeineEloquenz",
        "repo": "idrac-6-nix",
        "rev": "08eaada8541cecded90aa53b49bdd01b44fbf525",
        "type": "github"
      },
      "original": {
        "owner": "SeineEloquenz",
        "repo": "idrac-6-nix",
        "type": "github"
      }
    },
    "juso-motion-template": {
      "inputs": {
        "nixpkgs": [
          "nixpkgs"
        ]
      },
      "locked": {
        "lastModified": 1668710571,
        "narHash": "sha256-PeSrGKTEEcKPjMNs++XSRbmTEWgO0PwyRlo+RdB9HDI=",
        "owner": "SeineEloquenz",
        "repo": "juso-motion-template",
        "rev": "3ef327b950e290a00f69c9a533353130de36b8cd",
        "type": "github"
      },
      "original": {
        "owner": "SeineEloquenz",
        "repo": "juso-motion-template",
        "type": "github"
      }
    },
    "nixpkgs": {
      "locked": {
        "lastModified": 1669542132,
        "narHash": "sha256-DRlg++NJAwPh8io3ExBJdNW7Djs3plVI5jgYQ+iXAZQ=",
        "owner": "NixOS",
        "repo": "nixpkgs",
        "rev": "a115bb9bd56831941be3776c8a94005867f316a7",
        "type": "github"
      },
      "original": {
        "owner": "NixOS",
        "ref": "nixos-unstable",
        "repo": "nixpkgs",
        "type": "github"
      }
    },
    "nixpkgs-22_05": {
      "locked": {
        "lastModified": 1669513802,
        "narHash": "sha256-AmTRNi8bHgJlmaNe3r5k+IMFbbXERM/KarqveMAZmsY=",
        "owner": "NixOS",
        "repo": "nixpkgs",
        "rev": "6649e08812f579581bfb4cada3ba01e30485c891",
        "type": "github"
      },
      "original": {
        "owner": "NixOS",
        "ref": "release-22.05",
        "repo": "nixpkgs",
        "type": "github"
      }
    },
    "root": {
      "inputs": {
        "home-manager": "home-manager",
        "idrac-6": "idrac-6",
        "juso-motion-template": "juso-motion-template",
        "nixpkgs": "nixpkgs",
        "sops-nix": "sops-nix"
      }
    },
    "sops-nix": {
      "inputs": {
        "nixpkgs": [
          "nixpkgs"
        ],
        "nixpkgs-22_05": "nixpkgs-22_05"
      },
      "locked": {
        "lastModified": 1669714206,
        "narHash": "sha256-9aiMbzRL8REsyi9U0eZ+lT4s7HaILA1gh9n2apKzLxU=",
        "owner": "Mic92",
        "repo": "sops-nix",
        "rev": "8295b8139ef7baadeb90c5cad7a40c4c9297ebf7",
        "type": "github"
      },
      "original": {
        "owner": "Mic92",
        "repo": "sops-nix",
        "type": "github"
      }
    },
    "utils": {
      "locked": {
        "lastModified": 1667395993,
        "narHash": "sha256-nuEHfE/LcWyuSWnS8t12N1wc105Qtau+/OdUAjtQ0rA=",
        "owner": "numtide",
        "repo": "flake-utils",
        "rev": "5aed5285a952e0b949eb3ba02c12fa4fcfef535f",
        "type": "github"
      },
      "original": {
        "owner": "numtide",
        "repo": "flake-utils",
        "type": "github"
      }
    }
  },
  "root": "root",
  "version": 7
}
